Microsoft Visual Studio Solution File, Format Version 11.00
# Visual Studio 2008

Project("{0FE60705-70F3-4F47-381D-1C56BA84498D}") = "Galactic Mayhem", "Assembly-CSharp-firstpass.csproj", "{4F8DBCB6-3E92-4756-3394-3AB2D2E56714}"
EndProject
Project("{0FE60705-70F3-4F47-381D-1C56BA84498D}") = "Galactic Mayhem", "Assembly-CSharp.csproj", "{FCC5A93A-E462-6664-130A-2841A509966C}"
EndProject
Project("{0FE60705-70F3-4F47-381D-1C56BA84498D}") = "Galactic Mayhem", "Assembly-CSharp-Editor.csproj", "{B04F1294-C8E3-50B6-201B-8774D608E6FD}"
EndProject
Global
	GlobalSection(SolutionConfigurationPlatforms) = preSolution
		Debug|Any CPU = Debug|Any CPU
		Release|Any CPU = Release|Any CPU
	EndGlobalSection
	GlobalSection(ProjectConfigurationPlatforms) = postSolution
		{4F8DBCB6-3E92-4756-3394-3AB2D2E56714}.Debug|Any CPU.ActiveCfg = Debug|Any CPU
		{4F8DBCB6-3E92-4756-3394-3AB2D2E56714}.Debug|Any CPU.Build.0 = Debug|Any CPU
		{4F8DBCB6-3E92-4756-3394-3AB2D2E56714}.Release|Any CPU.ActiveCfg = Release|Any CPU
		{4F8DBCB6-3E92-4756-3394-3AB2D2E56714}.Release|Any CPU.Build.0 = Release|Any CPU
		{FCC5A93A-E462-6664-130A-2841A509966C}.Debug|Any CPU.ActiveCfg = Debug|Any CPU
		{FCC5A93A-E462-6664-130A-2841A509966C}.Debug|Any CPU.Build.0 = Debug|Any CPU
		{FCC5A93A-E462-6664-130A-2841A509966C}.Release|Any CPU.ActiveCfg = Release|Any CPU
		{FCC5A93A-E462-6664-130A-2841A509966C}.Release|Any CPU.Build.0 = Release|Any CPU
		{B04F1294-C8E3-50B6-201B-8774D608E6FD}.Debug|Any CPU.ActiveCfg = Debug|Any CPU
		{B04F1294-C8E3-50B6-201B-8774D608E6FD}.Debug|Any CPU.Build.0 = Debug|Any CPU
		{B04F1294-C8E3-50B6-201B-8774D608E6FD}.Release|Any CPU.ActiveCfg = Release|Any CPU
		{B04F1294-C8E3-50B6-201B-8774D608E6FD}.Release|Any CPU.Build.0 = Release|Any CPU
	EndGlobalSection
	GlobalSection(SolutionProperties) = preSolution
		HideSolutionNode = FALSE
	EndGlobalSection
	GlobalSection(MonoDevelopProperties) = preSolution
		StartupItem = Assembly-CSharp.csproj
	EndGlobalSection
EndGlobal
