
Microsoft Visual Studio Solution File, Format Version 12.00
# Visual Studio 2015
Project("{FAE04EC0-301F-11D3-BF4B-00C04F79EFBC}") = "Galactic Mayhem.CSharp.Plugins", "Galactic Mayhem.CSharp.Plugins.csproj", "{BB78A728-3665-DA6A-78B6-CD8FCF8779C1}"
EndProject
Project("{FAE04EC0-301F-11D3-BF4B-00C04F79EFBC}") = "Galactic Mayhem.CSharp", "Galactic Mayhem.CSharp.csproj", "{A678F395-4699-C64B-3DDF-A9E90527C6B7}"
EndProject
Project("{FAE04EC0-301F-11D3-BF4B-00C04F79EFBC}") = "Galactic Mayhem.CSharp.Editor", "Galactic Mayhem.CSharp.Editor.csproj", "{61E161B8-E513-7021-1740-86CA447F1207}"
EndProject
Global
	GlobalSection(SolutionConfigurationPlatforms) = preSolution
		Debug|Any CPU = Debug|Any CPU
		Release|Any CPU = Release|Any CPU
	EndGlobalSection
	GlobalSection(ProjectConfigurationPlatforms) = postSolution
		{BB78A728-3665-DA6A-78B6-CD8FCF8779C1}.Debug|Any CPU.ActiveCfg = Debug|Any CPU
		{BB78A728-3665-DA6A-78B6-CD8FCF8779C1}.Debug|Any CPU.Build.0 = Debug|Any CPU
		{BB78A728-3665-DA6A-78B6-CD8FCF8779C1}.Release|Any CPU.ActiveCfg = Release|Any CPU
		{BB78A728-3665-DA6A-78B6-CD8FCF8779C1}.Release|Any CPU.Build.0 = Release|Any CPU
		{A678F395-4699-C64B-3DDF-A9E90527C6B7}.Debug|Any CPU.ActiveCfg = Debug|Any CPU
		{A678F395-4699-C64B-3DDF-A9E90527C6B7}.Debug|Any CPU.Build.0 = Debug|Any CPU
		{A678F395-4699-C64B-3DDF-A9E90527C6B7}.Release|Any CPU.ActiveCfg = Release|Any CPU
		{A678F395-4699-C64B-3DDF-A9E90527C6B7}.Release|Any CPU.Build.0 = Release|Any CPU
		{61E161B8-E513-7021-1740-86CA447F1207}.Debug|Any CPU.ActiveCfg = Debug|Any CPU
		{61E161B8-E513-7021-1740-86CA447F1207}.Debug|Any CPU.Build.0 = Debug|Any CPU
		{61E161B8-E513-7021-1740-86CA447F1207}.Release|Any CPU.ActiveCfg = Release|Any CPU
		{61E161B8-E513-7021-1740-86CA447F1207}.Release|Any CPU.Build.0 = Release|Any CPU
	EndGlobalSection
	GlobalSection(SolutionProperties) = preSolution
		HideSolutionNode = FALSE
	EndGlobalSection
EndGlobal
